
Microsoft Visual Studio Solution File, Format Version 12.00
# Visual Studio Version 17
VisualStudioVersion = 17.2.32630.192
MinimumVisualStudioVersion = 10.0.40219.1
Project("{9A19103F-16F7-4668-BE54-9A1E7A4F7556}") = "School.System", "School.System\School.System.csproj", "{3DE01B43-90CB-42A0-9789-54CD2FA946DA}"
EndProject
Project("{9A19103F-16F7-4668-BE54-9A1E7A4F7556}") = "School.System.Models", "School.System.Models\School.System.Models.csproj", "{8F17289F-8D81-4893-B2E5-F10C531C6A88}"
EndProject
Project("{9A19103F-16F7-4668-BE54-9A1E7A4F7556}") = "School.System.Data", "School.System.Data\School.System.Data.csproj", "{B841A217-872D-446F-9EAD-BD501A85B56A}"
EndProject
Project("{9A19103F-16F7-4668-BE54-9A1E7A4F7556}") = "School.System.Repository", "School.System.Repository\School.System.Repository.csproj", "{653290CC-FB4C-477B-AAE9-844233C45B02}"
EndProject
Project("{9A19103F-16F7-4668-BE54-9A1E7A4F7556}") = "School.System.Services", "School.System.Services\School.System.Services.csproj", "{80C78401-761D-408B-91F3-499C0091C853}"
EndProject
Project("{2150E333-8FDC-42A3-9474-1A3956D46DE8}") = "New Project", "New Project", "{37D2AF28-446E-490F-B039-7263E225FC5A}"
EndProject
Project("{2150E333-8FDC-42A3-9474-1A3956D46DE8}") = "Old Project", "Old Project", "{479FD3FD-D003-408A-BF18-E6C3C53A0C53}"
EndProject
Project("{9A19103F-16F7-4668-BE54-9A1E7A4F7556}") = "ACD.School", "ACD.School\ACD.School.csproj", "{FB941091-1CEC-4286-9DA2-F1B11F296217}"
EndProject
Project("{9A19103F-16F7-4668-BE54-9A1E7A4F7556}") = "ACD.School.Models", "ACD.School.Models\ACD.School.Models.csproj", "{60E151C0-4E77-447D-9271-5CB47780A6CE}"
EndProject
Project("{9A19103F-16F7-4668-BE54-9A1E7A4F7556}") = "ACD.School.Data", "ACD.School.Data\ACD.School.Data.csproj", "{0BC6AC85-8D0E-4331-8CF1-ABA3722AA6DE}"
EndProject
Project("{9A19103F-16F7-4668-BE54-9A1E7A4F7556}") = "ACD.School.Repository", "ACD.School.Repository\ACD.School.Repository.csproj", "{0C56535D-F3AE-4C87-BFE8-0DB9F802B768}"
EndProject
Project("{9A19103F-16F7-4668-BE54-9A1E7A4F7556}") = "ACD.School.Services", "ACD.School.Services\ACD.School.Services.csproj", "{6A98331F-EB47-415C-B682-7C0E3B55E2F5}"
EndProject
Project("{FAE04EC0-301F-11D3-BF4B-00C04F79EFBC}") = "ACD.School.WebApi", "ACD.School.WebApi\ACD.School.WebApi.csproj", "{3F9B0834-AC0F-49EF-BF81-D8C0B3E3D131}"
EndProject
Global
	GlobalSection(SolutionConfigurationPlatforms) = preSolution
		Debug|Any CPU = Debug|Any CPU
		Release|Any CPU = Release|Any CPU
	EndGlobalSection
	GlobalSection(ProjectConfigurationPlatforms) = postSolution
		{3DE01B43-90CB-42A0-9789-54CD2FA946DA}.Debug|Any CPU.ActiveCfg = Debug|Any CPU
		{3DE01B43-90CB-42A0-9789-54CD2FA946DA}.Debug|Any CPU.Build.0 = Debug|Any CPU
		{3DE01B43-90CB-42A0-9789-54CD2FA946DA}.Release|Any CPU.ActiveCfg = Release|Any CPU
		{3DE01B43-90CB-42A0-9789-54CD2FA946DA}.Release|Any CPU.Build.0 = Release|Any CPU
		{8F17289F-8D81-4893-B2E5-F10C531C6A88}.Debug|Any CPU.ActiveCfg = Debug|Any CPU
		{8F17289F-8D81-4893-B2E5-F10C531C6A88}.Debug|Any CPU.Build.0 = Debug|Any CPU
		{8F17289F-8D81-4893-B2E5-F10C531C6A88}.Release|Any CPU.ActiveCfg = Release|Any CPU
		{8F17289F-8D81-4893-B2E5-F10C531C6A88}.Release|Any CPU.Build.0 = Release|Any CPU
		{B841A217-872D-446F-9EAD-BD501A85B56A}.Debug|Any CPU.ActiveCfg = Debug|Any CPU
		{B841A217-872D-446F-9EAD-BD501A85B56A}.Debug|Any CPU.Build.0 = Debug|Any CPU
		{B841A217-872D-446F-9EAD-BD501A85B56A}.Release|Any CPU.ActiveCfg = Release|Any CPU
		{B841A217-872D-446F-9EAD-BD501A85B56A}.Release|Any CPU.Build.0 = Release|Any CPU
		{653290CC-FB4C-477B-AAE9-844233C45B02}.Debug|Any CPU.ActiveCfg = Debug|Any CPU
		{653290CC-FB4C-477B-AAE9-844233C45B02}.Debug|Any CPU.Build.0 = Debug|Any CPU
		{653290CC-FB4C-477B-AAE9-844233C45B02}.Release|Any CPU.ActiveCfg = Release|Any CPU
		{653290CC-FB4C-477B-AAE9-844233C45B02}.Release|Any CPU.Build.0 = Release|Any CPU
		{80C78401-761D-408B-91F3-499C0091C853}.Debug|Any CPU.ActiveCfg = Debug|Any CPU
		{80C78401-761D-408B-91F3-499C0091C853}.Debug|Any CPU.Build.0 = Debug|Any CPU
		{80C78401-761D-408B-91F3-499C0091C853}.Release|Any CPU.ActiveCfg = Release|Any CPU
		{80C78401-761D-408B-91F3-499C0091C853}.Release|Any CPU.Build.0 = Release|Any CPU
		{FB941091-1CEC-4286-9DA2-F1B11F296217}.Debug|Any CPU.ActiveCfg = Debug|Any CPU
		{FB941091-1CEC-4286-9DA2-F1B11F296217}.Debug|Any CPU.Build.0 = Debug|Any CPU
		{FB941091-1CEC-4286-9DA2-F1B11F296217}.Release|Any CPU.ActiveCfg = Release|Any CPU
		{FB941091-1CEC-4286-9DA2-F1B11F296217}.Release|Any CPU.Build.0 = Release|Any CPU
		{60E151C0-4E77-447D-9271-5CB47780A6CE}.Debug|Any CPU.ActiveCfg = Debug|Any CPU
		{60E151C0-4E77-447D-9271-5CB47780A6CE}.Debug|Any CPU.Build.0 = Debug|Any CPU
		{60E151C0-4E77-447D-9271-5CB47780A6CE}.Release|Any CPU.ActiveCfg = Release|Any CPU
		{60E151C0-4E77-447D-9271-5CB47780A6CE}.Release|Any CPU.Build.0 = Release|Any CPU
		{0BC6AC85-8D0E-4331-8CF1-ABA3722AA6DE}.Debug|Any CPU.ActiveCfg = Debug|Any CPU
		{0BC6AC85-8D0E-4331-8CF1-ABA3722AA6DE}.Debug|Any CPU.Build.0 = Debug|Any CPU
		{0BC6AC85-8D0E-4331-8CF1-ABA3722AA6DE}.Release|Any CPU.ActiveCfg = Release|Any CPU
		{0BC6AC85-8D0E-4331-8CF1-ABA3722AA6DE}.Release|Any CPU.Build.0 = Release|Any CPU
		{0C56535D-F3AE-4C87-BFE8-0DB9F802B768}.Debug|Any CPU.ActiveCfg = Debug|Any CPU
		{0C56535D-F3AE-4C87-BFE8-0DB9F802B768}.Debug|Any CPU.Build.0 = Debug|Any CPU
		{0C56535D-F3AE-4C87-BFE8-0DB9F802B768}.Release|Any CPU.ActiveCfg = Release|Any CPU
		{0C56535D-F3AE-4C87-BFE8-0DB9F802B768}.Release|Any CPU.Build.0 = Release|Any CPU
		{6A98331F-EB47-415C-B682-7C0E3B55E2F5}.Debug|Any CPU.ActiveCfg = Debug|Any CPU
		{6A98331F-EB47-415C-B682-7C0E3B55E2F5}.Debug|Any CPU.Build.0 = Debug|Any CPU
		{6A98331F-EB47-415C-B682-7C0E3B55E2F5}.Release|Any CPU.ActiveCfg = Release|Any CPU
		{6A98331F-EB47-415C-B682-7C0E3B55E2F5}.Release|Any CPU.Build.0 = Release|Any CPU
		{3F9B0834-AC0F-49EF-BF81-D8C0B3E3D131}.Debug|Any CPU.ActiveCfg = Debug|Any CPU
		{3F9B0834-AC0F-49EF-BF81-D8C0B3E3D131}.Debug|Any CPU.Build.0 = Debug|Any CPU
		{3F9B0834-AC0F-49EF-BF81-D8C0B3E3D131}.Release|Any CPU.ActiveCfg = Release|Any CPU
		{3F9B0834-AC0F-49EF-BF81-D8C0B3E3D131}.Release|Any CPU.Build.0 = Release|Any CPU
	EndGlobalSection
	GlobalSection(SolutionProperties) = preSolution
		HideSolutionNode = FALSE
	EndGlobalSection
	GlobalSection(NestedProjects) = preSolution
		{3DE01B43-90CB-42A0-9789-54CD2FA946DA} = {479FD3FD-D003-408A-BF18-E6C3C53A0C53}
		{8F17289F-8D81-4893-B2E5-F10C531C6A88} = {479FD3FD-D003-408A-BF18-E6C3C53A0C53}
		{B841A217-872D-446F-9EAD-BD501A85B56A} = {479FD3FD-D003-408A-BF18-E6C3C53A0C53}
		{653290CC-FB4C-477B-AAE9-844233C45B02} = {479FD3FD-D003-408A-BF18-E6C3C53A0C53}
		{80C78401-761D-408B-91F3-499C0091C853} = {479FD3FD-D003-408A-BF18-E6C3C53A0C53}
		{FB941091-1CEC-4286-9DA2-F1B11F296217} = {37D2AF28-446E-490F-B039-7263E225FC5A}
		{60E151C0-4E77-447D-9271-5CB47780A6CE} = {37D2AF28-446E-490F-B039-7263E225FC5A}
		{0BC6AC85-8D0E-4331-8CF1-ABA3722AA6DE} = {37D2AF28-446E-490F-B039-7263E225FC5A}
		{0C56535D-F3AE-4C87-BFE8-0DB9F802B768} = {37D2AF28-446E-490F-B039-7263E225FC5A}
		{6A98331F-EB47-415C-B682-7C0E3B55E2F5} = {37D2AF28-446E-490F-B039-7263E225FC5A}
		{3F9B0834-AC0F-49EF-BF81-D8C0B3E3D131} = {37D2AF28-446E-490F-B039-7263E225FC5A}
	EndGlobalSection
	GlobalSection(ExtensibilityGlobals) = postSolution
		SolutionGuid = {C3F2DC7A-A36C-4242-9ED4-36B3959D178F}
	EndGlobalSection
EndGlobal
